
Microsoft Visual Studio Solution File, Format Version 12.00
# Visual Studio Version 17
VisualStudioVersion = 17.13.35828.75 d17.13
MinimumVisualStudioVersion = 10.0.40219.1
Project("{FAE04EC0-301F-11D3-BF4B-00C04F79EFBC}") = "QLNT_API", "QLNT_API\QLNT_API.csproj", "{EFCA1BA5-854D-48DB-A558-8CD0481743CD}"
EndProject
Global
	GlobalSection(SolutionConfigurationPlatforms) = preSolution
		Debug|Any CPU = Debug|Any CPU
		Release|Any CPU = Release|Any CPU
	EndGlobalSection
	GlobalSection(ProjectConfigurationPlatforms) = postSolution
		{EFCA1BA5-854D-48DB-A558-8CD0481743CD}.Debug|Any CPU.ActiveCfg = Debug|Any CPU
		{EFCA1BA5-854D-48DB-A558-8CD0481743CD}.Debug|Any CPU.Build.0 = Debug|Any CPU
		{EFCA1BA5-854D-48DB-A558-8CD0481743CD}.Release|Any CPU.ActiveCfg = Release|Any CPU
		{EFCA1BA5-854D-48DB-A558-8CD0481743CD}.Release|Any CPU.Build.0 = Release|Any CPU
	EndGlobalSection
	GlobalSection(SolutionProperties) = preSolution
		HideSolutionNode = FALSE
	EndGlobalSection
	GlobalSection(ExtensibilityGlobals) = postSolution
		SolutionGuid = {8DC7B5D4-DCB6-49CB-AF1C-F26CD99934C4}
	EndGlobalSection
EndGlobal
